
Microsoft Visual Studio Solution File, Format Version 12.00
# Visual Studio 15
VisualStudioVersion = 15.0.28307.168
MinimumVisualStudioVersion = 10.0.40219.1
Project("{FAE04EC0-301F-11D3-BF4B-00C04F79EFBC}") = "PadawansTask2", "PadawansTask2.csproj", "{A48C75F2-7092-4D86-A010-8A8EC7DC033B}"
EndProject
Global
	GlobalSection(SolutionConfigurationPlatforms) = preSolution
		Debug|Any CPU = Debug|Any CPU
		Release|Any CPU = Release|Any CPU
	EndGlobalSection
	GlobalSection(ProjectConfigurationPlatforms) = postSolution
		{A48C75F2-7092-4D86-A010-8A8EC7DC033B}.Debug|Any CPU.ActiveCfg = Debug|Any CPU
		{A48C75F2-7092-4D86-A010-8A8EC7DC033B}.Debug|Any CPU.Build.0 = Debug|Any CPU
		{A48C75F2-7092-4D86-A010-8A8EC7DC033B}.Release|Any CPU.ActiveCfg = Release|Any CPU
		{A48C75F2-7092-4D86-A010-8A8EC7DC033B}.Release|Any CPU.Build.0 = Release|Any CPU
	EndGlobalSection
	GlobalSection(SolutionProperties) = preSolution
		HideSolutionNode = FALSE
	EndGlobalSection
	GlobalSection(ExtensibilityGlobals) = postSolution
		SolutionGuid = {CCDDF5BB-CAFD-4607-8635-C3F2F37BBE58}
	EndGlobalSection
EndGlobal
